{
  "name": "monorepo",
  "version": "1.0.0",
  "lockfileVersion": 3,
  "requires": true,
  "packages": {
    "": {
      "name": "monorepo",
      "version": "1.0.0",
      "license": "ISC",
      "workspaces": [
        "./packages/*",
        "./apps/*"
      ]
    },
    "apps/client": {
      "version": "1.0.0",
      "license": "ISC",
      "devDependencies": {}
    },
    "apps/fragment": {
      "version": "1.0.0",
      "license": "ISC",
      "devDependencies": {}
    },
    "apps/website": {
      "version": "1.0.0",
      "license": "ISC",
      "devDependencies": {}
    },
    "node_modules/client": {
      "resolved": "apps/client",
      "link": true
    },
    "node_modules/component": {
      "resolved": "packages/component",
      "link": true
    },
    "node_modules/fragment": {
      "resolved": "apps/fragment",
      "link": true
    },
    "node_modules/ui": {
      "resolved": "packages/ui",
      "link": true
    },
    "node_modules/website": {
      "resolved": "apps/website",
      "link": true
    },
    "packages/component": {
      "version": "1.0.0",
      "license": "ISC",
      "devDependencies": {}
    },
    "packages/ui": {
      "version": "1.0.0",
      "license": "ISC"
    }
  }
}
